// !$*UTF8*$!
{
	archiveVersion = 1;
	classes = {
	};
	objectVersion = 51;
	objects = {

/* Begin PBXBuildFile section */
		5817DD5326602088000F4B8E /* HomeRepository.swift in Sources */ = {isa = PBXBuildFile; fileRef = 5817DD5226602088000F4B8E /* HomeRepository.swift */; };
		5817DD55266021A1000F4B8E /* HomeResponse.swift in Sources */ = {isa = PBXBuildFile; fileRef = 5817DD54266021A1000F4B8E /* HomeResponse.swift */; };
		5817DD57266024A2000F4B8E /* HomeViewModel.swift in Sources */ = {isa = PBXBuildFile; fileRef = 5817DD56266024A2000F4B8E /* HomeViewModel.swift */; };
		5839DAC92684EC0B00847A3F /* CardView.swift in Sources */ = {isa = PBXBuildFile; fileRef = 5839DAC82684EC0B00847A3F /* CardView.swift */; };
		5839DACE2684F7DB00847A3F /* CarDetail.swift in Sources */ = {isa = PBXBuildFile; fileRef = 5839DACC2684F7DB00847A3F /* CarDetail.swift */; };
		58659ACD26880D6000BCCB7B /* Carousel.swift in Sources */ = {isa = PBXBuildFile; fileRef = 58659ACC26880D6000BCCB7B /* Carousel.swift */; };
		58659ACF26880D6D00BCCB7B /* CarouselLayout.swift in Sources */ = {isa = PBXBuildFile; fileRef = 58659ACE26880D6D00BCCB7B /* CarouselLayout.swift */; };
		58913FD82655A23C00AB4D23 /* NetworkService.swift in Sources */ = {isa = PBXBuildFile; fileRef = 58913FD72655A23C00AB4D23 /* NetworkService.swift */; };
		58913FDA2655A35600AB4D23 /* ApiResponse.swift in Sources */ = {isa = PBXBuildFile; fileRef = 58913FD92655A35600AB4D23 /* ApiResponse.swift */; };
		58913FDD2655A5D600AB4D23 /* Constants.swift in Sources */ = {isa = PBXBuildFile; fileRef = 58913FDC2655A5D600AB4D23 /* Constants.swift */; };
		58A8D42E26529DB000F6C58D /* AppDelegate.swift in Sources */ = {isa = PBXBuildFile; fileRef = 58A8D42D26529DB000F6C58D /* AppDelegate.swift */; };
		58A8D43026529DB000F6C58D /* SceneDelegate.swift in Sources */ = {isa = PBXBuildFile; fileRef = 58A8D42F26529DB000F6C58D /* SceneDelegate.swift */; };
		58A8D43226529DB000F6C58D /* ViewController.swift in Sources */ = {isa = PBXBuildFile; fileRef = 58A8D43126529DB000F6C58D /* ViewController.swift */; };
		58A8D43526529DB000F6C58D /* Main.storyboard in Resources */ = {isa = PBXBuildFile; fileRef = 58A8D43326529DB000F6C58D /* Main.storyboard */; };
		58A8D43726529DB100F6C58D /* Assets.xcassets in Resources */ = {isa = PBXBuildFile; fileRef = 58A8D43626529DB100F6C58D /* Assets.xcassets */; };
		58A8D43A26529DB100F6C58D /* LaunchScreen.storyboard in Resources */ = {isa = PBXBuildFile; fileRef = 58A8D43826529DB100F6C58D /* LaunchScreen.storyboard */; };
		58A8D44526529DB100F6C58D /* CarHireTests.swift in Sources */ = {isa = PBXBuildFile; fileRef = 58A8D44426529DB100F6C58D /* CarHireTests.swift */; };
		58A8D45026529DB100F6C58D /* CarHireUITests.swift in Sources */ = {isa = PBXBuildFile; fileRef = 58A8D44F26529DB100F6C58D /* CarHireUITests.swift */; };
		58D183D62674B70200EBC963 /* FeaturedCarViewCell.swift in Sources */ = {isa = PBXBuildFile; fileRef = 58D183D52674B70200EBC963 /* FeaturedCarViewCell.swift */; };
		58D183D82675051200EBC963 /* TopViewDataCell.swift in Sources */ = {isa = PBXBuildFile; fileRef = 58D183D72675051200EBC963 /* TopViewDataCell.swift */; };
		905ED099030CB6BC2B313A9F /* Pods_CarHire_CarHireUITests.framework in Frameworks */ = {isa = PBXBuildFile; fileRef = 98F3F216B47BB5A06DD5B180 /* Pods_CarHire_CarHireUITests.framework */; };
		E23BC6C460BE158119FEE139 /* Pods_CarHire.framework in Frameworks */ = {isa = PBXBuildFile; fileRef = 188BF6909B311DF77C949626 /* Pods_CarHire.framework */; };
		EED8C87609D1648B40F6C3C7 /* Pods_CarHireTests.framework in Frameworks */ = {isa = PBXBuildFile; fileRef = 573699CE684703ED48A82131 /* Pods_CarHireTests.framework */; };
/* End PBXBuildFile section */

/* Begin PBXContainerItemProxy section */
		58A8D44126529DB100F6C58D /* PBXContainerItemProxy */ = {
			isa = PBXContainerItemProxy;
			containerPortal = 58A8D42226529DAF00F6C58D /* Project object */;
			proxyType = 1;
			remoteGlobalIDString = 58A8D42926529DAF00F6C58D;
			remoteInfo = CarHire;
		};
		58A8D44C26529DB100F6C58D /* PBXContainerItemProxy */ = {
			isa = PBXContainerItemProxy;
			containerPortal = 58A8D42226529DAF00F6C58D /* Project object */;
			proxyType = 1;
			remoteGlobalIDString = 58A8D42926529DAF00F6C58D;
			remoteInfo = CarHire;
		};
/* End PBXContainerItemProxy section */

/* Begin PBXFileReference section */
		05B4E45C179A46A014BD2603 /* Pods-CarHire-CarHireUITests.debug.xcconfig */ = {isa = PBXFileReference; includeInIndex = 1; lastKnownFileType = text.xcconfig; name = "Pods-CarHire-CarHireUITests.debug.xcconfig"; path = "Target Support Files/Pods-CarHire-CarHireUITests/Pods-CarHire-CarHireUITests.debug.xcconfig"; sourceTree = "<group>"; };
		11FBBC475EAD86570DC5D698 /* Pods-CarHire-CarHireUITests.release.xcconfig */ = {isa = PBXFileReference; includeInIndex = 1; lastKnownFileType = text.xcconfig; name = "Pods-CarHire-CarHireUITests.release.xcconfig"; path = "Target Support Files/Pods-CarHire-CarHireUITests/Pods-CarHire-CarHireUITests.release.xcconfig"; sourceTree = "<group>"; };
		188BF6909B311DF77C949626 /* Pods_CarHire.framework */ = {isa = PBXFileReference; explicitFileType = wrapper.framework; includeInIndex = 0; path = Pods_CarHire.framework; sourceTree = BUILT_PRODUCTS_DIR; };
		4D1494D71E8F5A9F3EE25C49 /* Pods-CarHire.debug.xcconfig */ = {isa = PBXFileReference; includeInIndex = 1; lastKnownFileType = text.xcconfig; name = "Pods-CarHire.debug.xcconfig"; path = "Target Support Files/Pods-CarHire/Pods-CarHire.debug.xcconfig"; sourceTree = "<group>"; };
		573699CE684703ED48A82131 /* Pods_CarHireTests.framework */ = {isa = PBXFileReference; explicitFileType = wrapper.framework; includeInIndex = 0; path = Pods_CarHireTests.framework; sourceTree = BUILT_PRODUCTS_DIR; };
		5817DD5226602088000F4B8E /* HomeRepository.swift */ = {isa = PBXFileReference; lastKnownFileType = sourcecode.swift; path = HomeRepository.swift; sourceTree = "<group>"; };
		5817DD54266021A1000F4B8E /* HomeResponse.swift */ = {isa = PBXFileReference; lastKnownFileType = sourcecode.swift; path = HomeResponse.swift; sourceTree = "<group>"; };
		5817DD56266024A2000F4B8E /* HomeViewModel.swift */ = {isa = PBXFileReference; lastKnownFileType = sourcecode.swift; path = HomeViewModel.swift; sourceTree = "<group>"; };
		5839DAC82684EC0B00847A3F /* CardView.swift */ = {isa = PBXFileReference; lastKnownFileType = sourcecode.swift; path = CardView.swift; sourceTree = "<group>"; };
		5839DACC2684F7DB00847A3F /* CarDetail.swift */ = {isa = PBXFileReference; lastKnownFileType = sourcecode.swift; path = CarDetail.swift; sourceTree = "<group>"; };
		58659ACC26880D6000BCCB7B /* Carousel.swift */ = {isa = PBXFileReference; lastKnownFileType = sourcecode.swift; path = Carousel.swift; sourceTree = "<group>"; };
		58659ACE26880D6D00BCCB7B /* CarouselLayout.swift */ = {isa = PBXFileReference; lastKnownFileType = sourcecode.swift; path = CarouselLayout.swift; sourceTree = "<group>"; };
		58913FD72655A23C00AB4D23 /* NetworkService.swift */ = {isa = PBXFileReference; lastKnownFileType = sourcecode.swift; path = NetworkService.swift; sourceTree = "<group>"; };
		58913FD92655A35600AB4D23 /* ApiResponse.swift */ = {isa = PBXFileReference; lastKnownFileType = sourcecode.swift; path = ApiResponse.swift; sourceTree = "<group>"; };
		58913FDC2655A5D600AB4D23 /* Constants.swift */ = {isa = PBXFileReference; lastKnownFileType = sourcecode.swift; path = Constants.swift; sourceTree = "<group>"; };
		58A8D42A26529DAF00F6C58D /* CarHire.app */ = {isa = PBXFileReference; explicitFileType = wrapper.application; includeInIndex = 0; path = CarHire.app; sourceTree = BUILT_PRODUCTS_DIR; };
		58A8D42D26529DB000F6C58D /* AppDelegate.swift */ = {isa = PBXFileReference; lastKnownFileType = sourcecode.swift; path = AppDelegate.swift; sourceTree = "<group>"; };
		58A8D42F26529DB000F6C58D /* SceneDelegate.swift */ = {isa = PBXFileReference; lastKnownFileType = sourcecode.swift; path = SceneDelegate.swift; sourceTree = "<group>"; };
		58A8D43126529DB000F6C58D /* ViewController.swift */ = {isa = PBXFileReference; lastKnownFileType = sourcecode.swift; path = ViewController.swift; sourceTree = "<group>"; };
		58A8D43426529DB000F6C58D /* Base */ = {isa = PBXFileReference; lastKnownFileType = file.storyboard; name = Base; path = Base.lproj/Main.storyboard; sourceTree = "<group>"; };
		58A8D43626529DB100F6C58D /* Assets.xcassets */ = {isa = PBXFileReference; lastKnownFileType = folder.assetcatalog; path = Assets.xcassets; sourceTree = "<group>"; };
		58A8D43926529DB100F6C58D /* Base */ = {isa = PBXFileReference; lastKnownFileType = file.storyboard; name = Base; path = Base.lproj/LaunchScreen.storyboard; sourceTree = "<group>"; };
		58A8D43B26529DB100F6C58D /* Info.plist */ = {isa = PBXFileReference; lastKnownFileType = text.plist.xml; path = Info.plist; sourceTree = "<group>"; };
		58A8D44026529DB100F6C58D /* CarHireTests.xctest */ = {isa = PBXFileReference; explicitFileType = wrapper.cfbundle; includeInIndex = 0; path = CarHireTests.xctest; sourceTree = BUILT_PRODUCTS_DIR; };
		58A8D44426529DB100F6C58D /* CarHireTests.swift */ = {isa = PBXFileReference; lastKnownFileType = sourcecode.swift; path = CarHireTests.swift; sourceTree = "<group>"; };
		58A8D44626529DB100F6C58D /* Info.plist */ = {isa = PBXFileReference; lastKnownFileType = text.plist.xml; path = Info.plist; sourceTree = "<group>"; };
		58A8D44B26529DB100F6C58D /* CarHireUITests.xctest */ = {isa = PBXFileReference; explicitFileType = wrapper.cfbundle; includeInIndex = 0; path = CarHireUITests.xctest; sourceTree = BUILT_PRODUCTS_DIR; };
		58A8D44F26529DB100F6C58D /* CarHireUITests.swift */ = {isa = PBXFileReference; lastKnownFileType = sourcecode.swift; path = CarHireUITests.swift; sourceTree = "<group>"; };
		58A8D45126529DB100F6C58D /* Info.plist */ = {isa = PBXFileReference; lastKnownFileType = text.plist.xml; path = Info.plist; sourceTree = "<group>"; };
		58D183D52674B70200EBC963 /* FeaturedCarViewCell.swift */ = {isa = PBXFileReference; lastKnownFileType = sourcecode.swift; path = FeaturedCarViewCell.swift; sourceTree = "<group>"; };
		58D183D72675051200EBC963 /* TopViewDataCell.swift */ = {isa = PBXFileReference; lastKnownFileType = sourcecode.swift; path = TopViewDataCell.swift; sourceTree = "<group>"; };
		73E035430CF198AEBD8FABCE /* Pods-CarHireTests.debug.xcconfig */ = {isa = PBXFileReference; includeInIndex = 1; lastKnownFileType = text.xcconfig; name = "Pods-CarHireTests.debug.xcconfig"; path = "Target Support Files/Pods-CarHireTests/Pods-CarHireTests.debug.xcconfig"; sourceTree = "<group>"; };
		98F3F216B47BB5A06DD5B180 /* Pods_CarHire_CarHireUITests.framework */ = {isa = PBXFileReference; explicitFileType = wrapper.framework; includeInIndex = 0; path = Pods_CarHire_CarHireUITests.framework; sourceTree = BUILT_PRODUCTS_DIR; };
		BC75C0D6E0DC3EEA254BC277 /* Pods-CarHireTests.release.xcconfig */ = {isa = PBXFileReference; includeInIndex = 1; lastKnownFileType = text.xcconfig; name = "Pods-CarHireTests.release.xcconfig"; path = "Target Support Files/Pods-CarHireTests/Pods-CarHireTests.release.xcconfig"; sourceTree = "<group>"; };
		C1FE789A256D3626F7A6F874 /* Pods-CarHire.release.xcconfig */ = {isa = PBXFileReference; includeInIndex = 1; lastKnownFileType = text.xcconfig; name = "Pods-CarHire.release.xcconfig"; path = "Target Support Files/Pods-CarHire/Pods-CarHire.release.xcconfig"; sourceTree = "<group>"; };
/* End PBXFileReference section */

/* Begin PBXFrameworksBuildPhase section */
		58A8D42726529DAF00F6C58D /* Frameworks */ = {
			isa = PBXFrameworksBuildPhase;
			buildActionMask = 2147483647;
			files = (
				E23BC6C460BE158119FEE139 /* Pods_CarHire.framework in Frameworks */,
			);
			runOnlyForDeploymentPostprocessing = 0;
		};
		58A8D43D26529DB100F6C58D /* Frameworks */ = {
			isa = PBXFrameworksBuildPhase;
			buildActionMask = 2147483647;
			files = (
				EED8C87609D1648B40F6C3C7 /* Pods_CarHireTests.framework in Frameworks */,
			);
			runOnlyForDeploymentPostprocessing = 0;
		};
		58A8D44826529DB100F6C58D /* Frameworks */ = {
			isa = PBXFrameworksBuildPhase;
			buildActionMask = 2147483647;
			files = (
				905ED099030CB6BC2B313A9F /* Pods_CarHire_CarHireUITests.framework in Frameworks */,
			);
			runOnlyForDeploymentPostprocessing = 0;
		};
/* End PBXFrameworksBuildPhase section */

/* Begin PBXGroup section */
		36F9DD460890087079B49559 /* Frameworks */ = {
			isa = PBXGroup;
			children = (
				188BF6909B311DF77C949626 /* Pods_CarHire.framework */,
				98F3F216B47BB5A06DD5B180 /* Pods_CarHire_CarHireUITests.framework */,
				573699CE684703ED48A82131 /* Pods_CarHireTests.framework */,
			);
			name = Frameworks;
			sourceTree = "<group>";
		};
		5817DD5126602076000F4B8E /* repository */ = {
			isa = PBXGroup;
			children = (
				5817DD5226602088000F4B8E /* HomeRepository.swift */,
			);
			path = repository;
			sourceTree = "<group>";
		};
		5839DACA2684F75300847A3F /* carDetail */ = {
			isa = PBXGroup;
			children = (
				5839DACB2684F79D00847A3F /* view */,
			);
			path = carDetail;
			sourceTree = "<group>";
		};
		5839DACB2684F79D00847A3F /* view */ = {
			isa = PBXGroup;
			children = (
				5839DACC2684F7DB00847A3F /* CarDetail.swift */,
			);
			path = view;
			sourceTree = "<group>";
		};
		58659ACB26880D5200BCCB7B /* carousel */ = {
			isa = PBXGroup;
			children = (
				58659ACC26880D6000BCCB7B /* Carousel.swift */,
				58659ACE26880D6D00BCCB7B /* CarouselLayout.swift */,
			);
			path = carousel;
			sourceTree = "<group>";
		};
		58913FD02655A0EC00AB4D23 /* app */ = {
			isa = PBXGroup;
			children = (
				58A8D42D26529DB000F6C58D /* AppDelegate.swift */,
				58A8D42F26529DB000F6C58D /* SceneDelegate.swift */,
				58A8D43626529DB100F6C58D /* Assets.xcassets */,
			);
			path = app;
			sourceTree = "<group>";
		};
		58913FD12655A10B00AB4D23 /* view */ = {
			isa = PBXGroup;
			children = (
				58A8D43826529DB100F6C58D /* LaunchScreen.storyboard */,
				58A8D43326529DB000F6C58D /* Main.storyboard */,
			);
			path = view;
			sourceTree = "<group>";
		};
		58913FD22655A12B00AB4D23 /* home */ = {
			isa = PBXGroup;
			children = (
				5839DACA2684F75300847A3F /* carDetail */,
				5817DD5126602076000F4B8E /* repository */,
				58913FD52655A19800AB4D23 /* viewModel */,
				58913FD42655A18900AB4D23 /* model */,
				58913FD32655A18000AB4D23 /* view */,
			);
			path = home;
			sourceTree = "<group>";
		};
		58913FD32655A18000AB4D23 /* view */ = {
			isa = PBXGroup;
			children = (
				58A8D43126529DB000F6C58D /* ViewController.swift */,
				58D183D52674B70200EBC963 /* FeaturedCarViewCell.swift */,
				58D183D72675051200EBC963 /* TopViewDataCell.swift */,
			);
			path = view;
			sourceTree = "<group>";
		};
		58913FD42655A18900AB4D23 /* model */ = {
			isa = PBXGroup;
			children = (
				5817DD54266021A1000F4B8E /* HomeResponse.swift */,
			);
			path = model;
			sourceTree = "<group>";
		};
		58913FD52655A19800AB4D23 /* viewModel */ = {
			isa = PBXGroup;
			children = (
				5817DD56266024A2000F4B8E /* HomeViewModel.swift */,
			);
			path = viewModel;
			sourceTree = "<group>";
		};
		58913FD62655A22200AB4D23 /* network */ = {
			isa = PBXGroup;
			children = (
				58913FD72655A23C00AB4D23 /* NetworkService.swift */,
				58913FD92655A35600AB4D23 /* ApiResponse.swift */,
			);
			path = network;
			sourceTree = "<group>";
		};
		58913FDB2655A5C800AB4D23 /* utils */ = {
			isa = PBXGroup;
			children = (
				58659ACB26880D5200BCCB7B /* carousel */,
				58913FDC2655A5D600AB4D23 /* Constants.swift */,
				5839DAC82684EC0B00847A3F /* CardView.swift */,
			);
			path = utils;
			sourceTree = "<group>";
		};
		58A8D42126529DAF00F6C58D = {
			isa = PBXGroup;
			children = (
				58A8D42C26529DAF00F6C58D /* CarHire */,
				58A8D44326529DB100F6C58D /* CarHireTests */,
				58A8D44E26529DB100F6C58D /* CarHireUITests */,
				58A8D42B26529DAF00F6C58D /* Products */,
				9B5E71D3FFE132639B810D1F /* Pods */,
				36F9DD460890087079B49559 /* Frameworks */,
			);
			sourceTree = "<group>";
		};
		58A8D42B26529DAF00F6C58D /* Products */ = {
			isa = PBXGroup;
			children = (
				58A8D42A26529DAF00F6C58D /* CarHire.app */,
				58A8D44026529DB100F6C58D /* CarHireTests.xctest */,
				58A8D44B26529DB100F6C58D /* CarHireUITests.xctest */,
			);
			name = Products;
			sourceTree = "<group>";
		};
		58A8D42C26529DAF00F6C58D /* CarHire */ = {
			isa = PBXGroup;
			children = (
				58913FDB2655A5C800AB4D23 /* utils */,
				58913FD62655A22200AB4D23 /* network */,
				58913FD22655A12B00AB4D23 /* home */,
				58913FD12655A10B00AB4D23 /* view */,
				58913FD02655A0EC00AB4D23 /* app */,
				58A8D43B26529DB100F6C58D /* Info.plist */,
			);
			path = CarHire;
			sourceTree = "<group>";
		};
		58A8D44326529DB100F6C58D /* CarHireTests */ = {
			isa = PBXGroup;
			children = (
				58A8D44426529DB100F6C58D /* CarHireTests.swift */,
				58A8D44626529DB100F6C58D /* Info.plist */,
			);
			path = CarHireTests;
			sourceTree = "<group>";
		};
		58A8D44E26529DB100F6C58D /* CarHireUITests */ = {
			isa = PBXGroup;
			children = (
				58A8D44F26529DB100F6C58D /* CarHireUITests.swift */,
				58A8D45126529DB100F6C58D /* Info.plist */,
			);
			path = CarHireUITests;
			sourceTree = "<group>";
		};
		9B5E71D3FFE132639B810D1F /* Pods */ = {
			isa = PBXGroup;
			children = (
				4D1494D71E8F5A9F3EE25C49 /* Pods-CarHire.debug.xcconfig */,
				C1FE789A256D3626F7A6F874 /* Pods-CarHire.release.xcconfig */,
				05B4E45C179A46A014BD2603 /* Pods-CarHire-CarHireUITests.debug.xcconfig */,
				11FBBC475EAD86570DC5D698 /* Pods-CarHire-CarHireUITests.release.xcconfig */,
				73E035430CF198AEBD8FABCE /* Pods-CarHireTests.debug.xcconfig */,
				BC75C0D6E0DC3EEA254BC277 /* Pods-CarHireTests.release.xcconfig */,
			);
			path = Pods;
			sourceTree = "<group>";
		};
/* End PBXGroup section */

/* Begin PBXNativeTarget section */
		58A8D42926529DAF00F6C58D /* CarHire */ = {
			isa = PBXNativeTarget;
			buildConfigurationList = 58A8D45426529DB100F6C58D /* Build configuration list for PBXNativeTarget "CarHire" */;
			buildPhases = (
				20D76BA879EEAF6B5ECD04BD /* [CP] Check Pods Manifest.lock */,
				58A8D42626529DAF00F6C58D /* Sources */,
				58A8D42726529DAF00F6C58D /* Frameworks */,
				58A8D42826529DAF00F6C58D /* Resources */,
				F14D3F5897A4C1E8A0D8F2F3 /* [CP] Embed Pods Frameworks */,
			);
			buildRules = (
			);
			dependencies = (
			);
			name = CarHire;
			productName = CarHire;
			productReference = 58A8D42A26529DAF00F6C58D /* CarHire.app */;
			productType = "com.apple.product-type.application";
		};
		58A8D43F26529DB100F6C58D /* CarHireTests */ = {
			isa = PBXNativeTarget;
			buildConfigurationList = 58A8D45726529DB100F6C58D /* Build configuration list for PBXNativeTarget "CarHireTests" */;
			buildPhases = (
				E8EB60416EBA69E6DDB98232 /* [CP] Check Pods Manifest.lock */,
				58A8D43C26529DB100F6C58D /* Sources */,
				58A8D43D26529DB100F6C58D /* Frameworks */,
				58A8D43E26529DB100F6C58D /* Resources */,
			);
			buildRules = (
			);
			dependencies = (
				58A8D44226529DB100F6C58D /* PBXTargetDependency */,
			);
			name = CarHireTests;
			productName = CarHireTests;
			productReference = 58A8D44026529DB100F6C58D /* CarHireTests.xctest */;
			productType = "com.apple.product-type.bundle.unit-test";
		};
		58A8D44A26529DB100F6C58D /* CarHireUITests */ = {
			isa = PBXNativeTarget;
			buildConfigurationList = 58A8D45A26529DB100F6C58D /* Build configuration list for PBXNativeTarget "CarHireUITests" */;
			buildPhases = (
				B15FC4202B703DFED8B28241 /* [CP] Check Pods Manifest.lock */,
				58A8D44726529DB100F6C58D /* Sources */,
				58A8D44826529DB100F6C58D /* Frameworks */,
				58A8D44926529DB100F6C58D /* Resources */,
				10F3F70E9F1CC2CA2FA35C9F /* [CP] Embed Pods Frameworks */,
			);
			buildRules = (
			);
			dependencies = (
				58A8D44D26529DB100F6C58D /* PBXTargetDependency */,
			);
			name = CarHireUITests;
			productName = CarHireUITests;
			productReference = 58A8D44B26529DB100F6C58D /* CarHireUITests.xctest */;
			productType = "com.apple.product-type.bundle.ui-testing";
		};
/* End PBXNativeTarget section */

/* Begin PBXProject section */
		58A8D42226529DAF00F6C58D /* Project object */ = {
			isa = PBXProject;
			attributes = {
				LastSwiftUpdateCheck = 1250;
				LastUpgradeCheck = 1250;
				TargetAttributes = {
					58A8D42926529DAF00F6C58D = {
						CreatedOnToolsVersion = 12.5;
					};
					58A8D43F26529DB100F6C58D = {
						CreatedOnToolsVersion = 12.5;
						TestTargetID = 58A8D42926529DAF00F6C58D;
					};
					58A8D44A26529DB100F6C58D = {
						CreatedOnToolsVersion = 12.5;
						TestTargetID = 58A8D42926529DAF00F6C58D;
					};
				};
			};
			buildConfigurationList = 58A8D42526529DAF00F6C58D /* Build configuration list for PBXProject "CarHire" */;
			compatibilityVersion = "Xcode 9.3";
			developmentRegion = en;
			hasScannedForEncodings = 0;
			knownRegions = (
				en,
				Base,
			);
			mainGroup = 58A8D42126529DAF00F6C58D;
			productRefGroup = 58A8D42B26529DAF00F6C58D /* Products */;
			projectDirPath = "";
			projectRoot = "";
			targets = (
				58A8D42926529DAF00F6C58D /* CarHire */,
				58A8D43F26529DB100F6C58D /* CarHireTests */,
				58A8D44A26529DB100F6C58D /* CarHireUITests */,
			);
		};
/* End PBXProject section */

/* Begin PBXResourcesBuildPhase section */
		58A8D42826529DAF00F6C58D /* Resources */ = {
			isa = PBXResourcesBuildPhase;
			buildActionMask = 2147483647;
			files = (
				58A8D43A26529DB100F6C58D /* LaunchScreen.storyboard in Resources */,
				58A8D43726529DB100F6C58D /* Assets.xcassets in Resources */,
				58A8D43526529DB000F6C58D /* Main.storyboard in Resources */,
			);
			runOnlyForDeploymentPostprocessing = 0;
		};
		58A8D43E26529DB100F6C58D /* Resources */ = {
			isa = PBXResourcesBuildPhase;
			buildActionMask = 2147483647;
			files = (
			);
			runOnlyForDeploymentPostprocessing = 0;
		};
		58A8D44926529DB100F6C58D /* Resources */ = {
			isa = PBXResourcesBuildPhase;
			buildActionMask = 2147483647;
			files = (
			);
			runOnlyForDeploymentPostprocessing = 0;
		};
/* End PBXResourcesBuildPhase section */

/* Begin PBXShellScriptBuildPhase section */
		10F3F70E9F1CC2CA2FA35C9F /* [CP] Embed Pods Frameworks */ = {
			isa = PBXShellScriptBuildPhase;
			buildActionMask = 2147483647;
			files = (
			);
			inputFileListPaths = (
				"${PODS_ROOT}/Target Support Files/Pods-CarHire-CarHireUITests/Pods-CarHire-CarHireUITests-frameworks-${CONFIGURATION}-input-files.xcfilelist",
			);
			name = "[CP] Embed Pods Frameworks";
			outputFileListPaths = (
				"${PODS_ROOT}/Target Support Files/Pods-CarHire-CarHireUITests/Pods-CarHire-CarHireUITests-frameworks-${CONFIGURATION}-output-files.xcfilelist",
			);
			runOnlyForDeploymentPostprocessing = 0;
			shellPath = /bin/sh;
			shellScript = "\"${PODS_ROOT}/Target Support Files/Pods-CarHire-CarHireUITests/Pods-CarHire-CarHireUITests-frameworks.sh\"\n";
			showEnvVarsInLog = 0;
		};
		20D76BA879EEAF6B5ECD04BD /* [CP] Check Pods Manifest.lock */ = {
			isa = PBXShellScriptBuildPhase;
			buildActionMask = 2147483647;
			files = (
			);
			inputFileListPaths = (
			);
			inputPaths = (
				"${PODS_PODFILE_DIR_PATH}/Podfile.lock",
				"${PODS_ROOT}/Manifest.lock",
			);
			name = "[CP] Check Pods Manifest.lock";
			outputFileListPaths = (
			);
			outputPaths = (
				"$(DERIVED_FILE_DIR)/Pods-CarHire-checkManifestLockResult.txt",
			);
			runOnlyForDeploymentPostprocessing = 0;
			shellPath = /bin/sh;
			shellScript = "diff \"${PODS_PODFILE_DIR_PATH}/Podfile.lock\" \"${PODS_ROOT}/Manifest.lock\" > /dev/null\nif [ $? != 0 ] ; then\n    # print error to STDERR\n    echo \"error: The sandbox is not in sync with the Podfile.lock. Run 'pod install' or update your CocoaPods installation.\" >&2\n    exit 1\nfi\n# This output is used by Xcode 'outputs' to avoid re-running this script phase.\necho \"SUCCESS\" > \"${SCRIPT_OUTPUT_FILE_0}\"\n";
			showEnvVarsInLog = 0;
		};
		B15FC4202B703DFED8B28241 /* [CP] Check Pods Manifest.lock */ = {
			isa = PBXShellScriptBuildPhase;
			buildActionMask = 2147483647;
			files = (
			);
			inputFileListPaths = (
			);
			inputPaths = (
				"${PODS_PODFILE_DIR_PATH}/Podfile.lock",
				"${PODS_ROOT}/Manifest.lock",
			);
			name = "[CP] Check Pods Manifest.lock";
			outputFileListPaths = (
			);
			outputPaths = (
				"$(DERIVED_FILE_DIR)/Pods-CarHire-CarHireUITests-checkManifestLockResult.txt",
			);
			runOnlyForDeploymentPostprocessing = 0;
			shellPath = /bin/sh;
			shellScript = "diff \"${PODS_PODFILE_DIR_PATH}/Podfile.lock\" \"${PODS_ROOT}/Manifest.lock\" > /dev/null\nif [ $? != 0 ] ; then\n    # print error to STDERR\n    echo \"error: The sandbox is not in sync with the Podfile.lock. Run 'pod install' or update your CocoaPods installation.\" >&2\n    exit 1\nfi\n# This output is used by Xcode 'outputs' to avoid re-running this script phase.\necho \"SUCCESS\" > \"${SCRIPT_OUTPUT_FILE_0}\"\n";
			showEnvVarsInLog = 0;
		};
		E8EB60416EBA69E6DDB98232 /* [CP] Check Pods Manifest.lock */ = {
			isa = PBXShellScriptBuildPhase;
			buildActionMask = 2147483647;
			files = (
			);
			inputFileListPaths = (
			);
			inputPaths = (
				"${PODS_PODFILE_DIR_PATH}/Podfile.lock",
				"${PODS_ROOT}/Manifest.lock",
			);
			name = "[CP] Check Pods Manifest.lock";
			outputFileListPaths = (
			);
			outputPaths = (
				"$(DERIVED_FILE_DIR)/Pods-CarHireTests-checkManifestLockResult.txt",
			);
			runOnlyForDeploymentPostprocessing = 0;
			shellPath = /bin/sh;
			shellScript = "diff \"${PODS_PODFILE_DIR_PATH}/Podfile.lock\" \"${PODS_ROOT}/Manifest.lock\" > /dev/null\nif [ $? != 0 ] ; then\n    # print error to STDERR\n    echo \"error: The sandbox is not in sync with the Podfile.lock. Run 'pod install' or update your CocoaPods installation.\" >&2\n    exit 1\nfi\n# This output is used by Xcode 'outputs' to avoid re-running this script phase.\necho \"SUCCESS\" > \"${SCRIPT_OUTPUT_FILE_0}\"\n";
			showEnvVarsInLog = 0;
		};
		F14D3F5897A4C1E8A0D8F2F3 /* [CP] Embed Pods Frameworks */ = {
			isa = PBXShellScriptBuildPhase;
			buildActionMask = 2147483647;
			files = (
			);
			inputFileListPaths = (
				"${PODS_ROOT}/Target Support Files/Pods-CarHire/Pods-CarHire-frameworks-${CONFIGURATION}-input-files.xcfilelist",
			);
			name = "[CP] Embed Pods Frameworks";
			outputFileListPaths = (
				"${PODS_ROOT}/Target Support Files/Pods-CarHire/Pods-CarHire-frameworks-${CONFIGURATION}-output-files.xcfilelist",
			);
			runOnlyForDeploymentPostprocessing = 0;
			shellPath = /bin/sh;
			shellScript = "\"${PODS_ROOT}/Target Support Files/Pods-CarHire/Pods-CarHire-frameworks.sh\"\n";
			showEnvVarsInLog = 0;
		};
/* End PBXShellScriptBuildPhase section */

/* Begin PBXSourcesBuildPhase section */
		58A8D42626529DAF00F6C58D /* Sources */ = {
			isa = PBXSourcesBuildPhase;
			buildActionMask = 2147483647;
			files = (
				58A8D43226529DB000F6C58D /* ViewController.swift in Sources */,
				5817DD57266024A2000F4B8E /* HomeViewModel.swift in Sources */,
				5817DD5326602088000F4B8E /* HomeRepository.swift in Sources */,
				58D183D62674B70200EBC963 /* FeaturedCarViewCell.swift in Sources */,
				5839DACE2684F7DB00847A3F /* CarDetail.swift in Sources */,
				58D183D82675051200EBC963 /* TopViewDataCell.swift in Sources */,
				58A8D42E26529DB000F6C58D /* AppDelegate.swift in Sources */,
				58913FD82655A23C00AB4D23 /* NetworkService.swift in Sources */,
				58913FDA2655A35600AB4D23 /* ApiResponse.swift in Sources */,
				5817DD55266021A1000F4B8E /* HomeResponse.swift in Sources */,
				58659ACF26880D6D00BCCB7B /* CarouselLayout.swift in Sources */,
				58A8D43026529DB000F6C58D /* SceneDelegate.swift in Sources */,
				58659ACD26880D6000BCCB7B /* Carousel.swift in Sources */,
				5839DAC92684EC0B00847A3F /* CardView.swift in Sources */,
				58913FDD2655A5D600AB4D23 /* Constants.swift in Sources */,
			);
			runOnlyForDeploymentPostprocessing = 0;
		};
		58A8D43C26529DB100F6C58D /* Sources */ = {
			isa = PBXSourcesBuildPhase;
			buildActionMask = 2147483647;
			files = (
				58A8D44526529DB100F6C58D /* CarHireTests.swift in Sources */,
			);
			runOnlyForDeploymentPostprocessing = 0;
		};
		58A8D44726529DB100F6C58D /* Sources */ = {
			isa = PBXSourcesBuildPhase;
			buildActionMask = 2147483647;
			files = (
				58A8D45026529DB100F6C58D /* CarHireUITests.swift in Sources */,
			);
			runOnlyForDeploymentPostprocessing = 0;
		};
/* End PBXSourcesBuildPhase section */

/* Begin PBXTargetDependency section */
		58A8D44226529DB100F6C58D /* PBXTargetDependency */ = {
			isa = PBXTargetDependency;
			target = 58A8D42926529DAF00F6C58D /* CarHire */;
			targetProxy = 58A8D44126529DB100F6C58D /* PBXContainerItemProxy */;
		};
		58A8D44D26529DB100F6C58D /* PBXTargetDependency */ = {
			isa = PBXTargetDependency;
			target = 58A8D42926529DAF00F6C58D /* CarHire */;
			targetProxy = 58A8D44C26529DB100F6C58D /* PBXContainerItemProxy */;
		};
/* End PBXTargetDependency section */

/* Begin PBXVariantGroup section */
		58A8D43326529DB000F6C58D /* Main.storyboard */ = {
			isa = PBXVariantGroup;
			children = (
				58A8D43426529DB000F6C58D /* Base */,
			);
			name = Main.storyboard;
			sourceTree = "<group>";
		};
		58A8D43826529DB100F6C58D /* LaunchScreen.storyboard */ = {
			isa = PBXVariantGroup;
			children = (
				58A8D43926529DB100F6C58D /* Base */,
			);
			name = LaunchScreen.storyboard;
			sourceTree = "<group>";
		};
/* End PBXVariantGroup section */

/* Begin XCBuildConfiguration section */
		58A8D45226529DB100F6C58D /* Debug */ = {
			isa = XCBuildConfiguration;
			buildSettings = {
				ALWAYS_SEARCH_USER_PATHS = NO;
				CLANG_ANALYZER_NONNULL = YES;
				CLANG_ANALYZER_NUMBER_OBJECT_CONVERSION = YES_AGGRESSIVE;
				CLANG_CXX_LANGUAGE_STANDARD = "gnu++14";
				CLANG_CXX_LIBRARY = "libc++";
				CLANG_ENABLE_MODULES = YES;
				CLANG_ENABLE_OBJC_ARC = YES;
				CLANG_ENABLE_OBJC_WEAK = YES;
				CLANG_WARN_BLOCK_CAPTURE_AUTORELEASING = YES;
				CLANG_WARN_BOOL_CONVERSION = YES;
				CLANG_WARN_COMMA = YES;
				CLANG_WARN_CONSTANT_CONVERSION = YES;
				CLANG_WARN_DEPRECATED_OBJC_IMPLEMENTATIONS = YES;
				CLANG_WARN_DIRECT_OBJC_ISA_USAGE = YES_ERROR;
				CLANG_WARN_DOCUMENTATION_COMMENTS = YES;
				CLANG_WARN_EMPTY_BODY = YES;
				CLANG_WARN_ENUM_CONVERSION = YES;
				CLANG_WARN_INFINITE_RECURSION = YES;
				CLANG_WARN_INT_CONVERSION = YES;
				CLANG_WARN_NON_LITERAL_NULL_CONVERSION = YES;
				CLANG_WARN_OBJC_IMPLICIT_RETAIN_SELF = YES;
				CLANG_WARN_OBJC_LITERAL_CONVERSION = YES;
				CLANG_WARN_OBJC_ROOT_CLASS = YES_ERROR;
				CLANG_WARN_QUOTED_INCLUDE_IN_FRAMEWORK_HEADER = YES;
				CLANG_WARN_RANGE_LOOP_ANALYSIS = YES;
				CLANG_WARN_STRICT_PROTOTYPES = YES;
				CLANG_WARN_SUSPICIOUS_MOVE = YES;
				CLANG_WARN_UNGUARDED_AVAILABILITY = YES_AGGRESSIVE;
				CLANG_WARN_UNREACHABLE_CODE = YES;
				CLANG_WARN__DUPLICATE_METHOD_MATCH = YES;
				COPY_PHASE_STRIP = NO;
				DEBUG_INFORMATION_FORMAT = dwarf;
				ENABLE_STRICT_OBJC_MSGSEND = YES;
				ENABLE_TESTABILITY = YES;
				GCC_C_LANGUAGE_STANDARD = gnu11;
				GCC_DYNAMIC_NO_PIC = NO;
				GCC_NO_COMMON_BLOCKS = YES;
				GCC_OPTIMIZATION_LEVEL = 0;
				GCC_PREPROCESSOR_DEFINITIONS = (
					"DEBUG=1",
					"$(inherited)",
				);
				GCC_WARN_64_TO_32_BIT_CONVERSION = YES;
				GCC_WARN_ABOUT_RETURN_TYPE = YES_ERROR;
				GCC_WARN_UNDECLARED_SELECTOR = YES;
				GCC_WARN_UNINITIALIZED_AUTOS = YES_AGGRESSIVE;
				GCC_WARN_UNUSED_FUNCTION = YES;
				GCC_WARN_UNUSED_VARIABLE = YES;
				IPHONEOS_DEPLOYMENT_TARGET = 14.5;
				MTL_ENABLE_DEBUG_INFO = INCLUDE_SOURCE;
				MTL_FAST_MATH = YES;
				ONLY_ACTIVE_ARCH = YES;
				SDKROOT = iphoneos;
				SWIFT_ACTIVE_COMPILATION_CONDITIONS = DEBUG;
				SWIFT_OPTIMIZATION_LEVEL = "-Onone";
			};
			name = Debug;
		};
		58A8D45326529DB100F6C58D /* Release */ = {
			isa = XCBuildConfiguration;
			buildSettings = {
				ALWAYS_SEARCH_USER_PATHS = NO;
				CLANG_ANALYZER_NONNULL = YES;
				CLANG_ANALYZER_NUMBER_OBJECT_CONVERSION = YES_AGGRESSIVE;
				CLANG_CXX_LANGUAGE_STANDARD = "gnu++14";
				CLANG_CXX_LIBRARY = "libc++";
				CLANG_ENABLE_MODULES = YES;
				CLANG_ENABLE_OBJC_ARC = YES;
				CLANG_ENABLE_OBJC_WEAK = YES;
				CLANG_WARN_BLOCK_CAPTURE_AUTORELEASING = YES;
				CLANG_WARN_BOOL_CONVERSION = YES;
				CLANG_WARN_COMMA = YES;
				CLANG_WARN_CONSTANT_CONVERSION = YES;
				CLANG_WARN_DEPRECATED_OBJC_IMPLEMENTATIONS = YES;
				CLANG_WARN_DIRECT_OBJC_ISA_USAGE = YES_ERROR;
				CLANG_WARN_DOCUMENTATION_COMMENTS = YES;
				CLANG_WARN_EMPTY_BODY = YES;
				CLANG_WARN_ENUM_CONVERSION = YES;
				CLANG_WARN_INFINITE_RECURSION = YES;
				CLANG_WARN_INT_CONVERSION = YES;
				CLANG_WARN_NON_LITERAL_NULL_CONVERSION = YES;
				CLANG_WARN_OBJC_IMPLICIT_RETAIN_SELF = YES;
				CLANG_WARN_OBJC_LITERAL_CONVERSION = YES;
				CLANG_WARN_OBJC_ROOT_CLASS = YES_ERROR;
				CLANG_WARN_QUOTED_INCLUDE_IN_FRAMEWORK_HEADER = YES;
				CLANG_WARN_RANGE_LOOP_ANALYSIS = YES;
				CLANG_WARN_STRICT_PROTOTYPES = YES;
				CLANG_WARN_SUSPICIOUS_MOVE = YES;
				CLANG_WARN_UNGUARDED_AVAILABILITY = YES_AGGRESSIVE;
				CLANG_WARN_UNREACHABLE_CODE = YES;
				CLANG_WARN__DUPLICATE_METHOD_MATCH = YES;
				COPY_PHASE_STRIP = NO;
				DEBUG_INFORMATION_FORMAT = "dwarf-with-dsym";
				ENABLE_NS_ASSERTIONS = NO;
				ENABLE_STRICT_OBJC_MSGSEND = YES;
				GCC_C_LANGUAGE_STANDARD = gnu11;
				GCC_NO_COMMON_BLOCKS = YES;
				GCC_WARN_64_TO_32_BIT_CONVERSION = YES;
				GCC_WARN_ABOUT_RETURN_TYPE = YES_ERROR;
				GCC_WARN_UNDECLARED_SELECTOR = YES;
				GCC_WARN_UNINITIALIZED_AUTOS = YES_AGGRESSIVE;
				GCC_WARN_UNUSED_FUNCTION = YES;
				GCC_WARN_UNUSED_VARIABLE = YES;
				IPHONEOS_DEPLOYMENT_TARGET = 14.5;
				MTL_ENABLE_DEBUG_INFO = NO;
				MTL_FAST_MATH = YES;
				SDKROOT = iphoneos;
				SWIFT_COMPILATION_MODE = wholemodule;
				SWIFT_OPTIMIZATION_LEVEL = "-O";
				VALIDATE_PRODUCT = YES;
			};
			name = Release;
		};
		58A8D45526529DB100F6C58D /* Debug */ = {
			isa = XCBuildConfiguration;
			baseConfigurationReference = 4D1494D71E8F5A9F3EE25C49 /* Pods-CarHire.debug.xcconfig */;
			buildSettings = {
				ASSETCATALOG_COMPILER_APPICON_NAME = AppIcon;
				ASSETCATALOG_COMPILER_GLOBAL_ACCENT_COLOR_NAME = AccentColor;
				CODE_SIGN_STYLE = Automatic;
				INFOPLIST_FILE = CarHire/Info.plist;
				LD_RUNPATH_SEARCH_PATHS = (
					"$(inherited)",
					"@executable_path/Frameworks",
				);
				PRODUCT_BUNDLE_IDENTIFIER = devstart.CarHire;
				PRODUCT_NAME = "$(TARGET_NAME)";
				SWIFT_VERSION = 5.0;
				TARGETED_DEVICE_FAMILY = "1,2";
			};
			name = Debug;
		};
		58A8D45626529DB100F6C58D /* Release */ = {
			isa = XCBuildConfiguration;
			baseConfigurationReference = C1FE789A256D3626F7A6F874 /* Pods-CarHire.release.xcconfig */;
			buildSettings = {
				ASSETCATALOG_COMPILER_APPICON_NAME = AppIcon;
				ASSETCATALOG_COMPILER_GLOBAL_ACCENT_COLOR_NAME = AccentColor;
				CODE_SIGN_STYLE = Automatic;
				INFOPLIST_FILE = CarHire/Info.plist;
				LD_RUNPATH_SEARCH_PATHS = (
					"$(inherited)",
					"@executable_path/Frameworks",
				);
				PRODUCT_BUNDLE_IDENTIFIER = devstart.CarHire;
				PRODUCT_NAME = "$(TARGET_NAME)";
				SWIFT_VERSION = 5.0;
				TARGETED_DEVICE_FAMILY = "1,2";
			};
			name = Release;
		};
		58A8D45826529DB100F6C58D /* Debug */ = {
			isa = XCBuildConfiguration;
			baseConfigurationReference = 73E035430CF198AEBD8FABCE /* Pods-CarHireTests.debug.xcconfig */;
			buildSettings = {
				ALWAYS_EMBED_SWIFT_STANDARD_LIBRARIES = YES;
				BUNDLE_LOADER = "$(TEST_HOST)";
				CODE_SIGN_STYLE = Automatic;
				INFOPLIST_FILE = CarHireTests/Info.plist;
				IPHONEOS_DEPLOYMENT_TARGET = 14.5;
				LD_RUNPATH_SEARCH_PATHS = (
					"$(inherited)",
					"@executable_path/Frameworks",
					"@loader_path/Frameworks",
				);
				PRODUCT_BUNDLE_IDENTIFIER = devstart.CarHireTests;
				PRODUCT_NAME = "$(TARGET_NAME)";
				SWIFT_VERSION = 5.0;
				TARGETED_DEVICE_FAMILY = "1,2";
				TEST_HOST = "$(BUILT_PRODUCTS_DIR)/CarHire.app/CarHire";
			};
			name = Debug;
		};
		58A8D45926529DB100F6C58D /* Release */ = {
			isa = XCBuildConfiguration;
			baseConfigurationReference = BC75C0D6E0DC3EEA254BC277 /* Pods-CarHireTests.release.xcconfig */;
			buildSettings = {
				ALWAYS_EMBED_SWIFT_STANDARD_LIBRARIES = YES;
				BUNDLE_LOADER = "$(TEST_HOST)";
				CODE_SIGN_STYLE = Automatic;
				INFOPLIST_FILE = CarHireTests/Info.plist;
				IPHONEOS_DEPLOYMENT_TARGET = 14.5;
				LD_RUNPATH_SEARCH_PATHS = (
					"$(inherited)",
					"@executable_path/Frameworks",
					"@loader_path/Frameworks",
				);
				PRODUCT_BUNDLE_IDENTIFIER = devstart.CarHireTests;
				PRODUCT_NAME = "$(TARGET_NAME)";
				SWIFT_VERSION = 5.0;
				TARGETED_DEVICE_FAMILY = "1,2";
				TEST_HOST = "$(BUILT_PRODUCTS_DIR)/CarHire.app/CarHire";
			};
			name = Release;
		};
		58A8D45B26529DB100F6C58D /* Debug */ = {
			isa = XCBuildConfiguration;
			baseConfigurationReference = 05B4E45C179A46A014BD2603 /* Pods-CarHire-CarHireUITests.debug.xcconfig */;
			buildSettings = {
				ALWAYS_EMBED_SWIFT_STANDARD_LIBRARIES = YES;
				CODE_SIGN_STYLE = Automatic;
				INFOPLIST_FILE = CarHireUITests/Info.plist;
				LD_RUNPATH_SEARCH_PATHS = (
					"$(inherited)",
					"@executable_path/Frameworks",
					"@loader_path/Frameworks",
				);
				PRODUCT_BUNDLE_IDENTIFIER = devstart.CarHireUITests;
				PRODUCT_NAME = "$(TARGET_NAME)";
				SWIFT_VERSION = 5.0;
				TARGETED_DEVICE_FAMILY = "1,2";
				TEST_TARGET_NAME = CarHire;
			};
			name = Debug;
		};
		58A8D45C26529DB100F6C58D /* Release */ = {
			isa = XCBuildConfiguration;
			baseConfigurationReference = 11FBBC475EAD86570DC5D698 /* Pods-CarHire-CarHireUITests.release.xcconfig */;
			buildSettings = {
				ALWAYS_EMBED_SWIFT_STANDARD_LIBRARIES = YES;
				CODE_SIGN_STYLE = Automatic;
				INFOPLIST_FILE = CarHireUITests/Info.plist;
				LD_RUNPATH_SEARCH_PATHS = (
					"$(inherited)",
					"@executable_path/Frameworks",
					"@loader_path/Frameworks",
				);
				PRODUCT_BUNDLE_IDENTIFIER = devstart.CarHireUITests;
				PRODUCT_NAME = "$(TARGET_NAME)";
				SWIFT_VERSION = 5.0;
				TARGETED_DEVICE_FAMILY = "1,2";
				TEST_TARGET_NAME = CarHire;
			};
			name = Release;
		};
/* End XCBuildConfiguration section */

/* Begin XCConfigurationList section */
		58A8D42526529DAF00F6C58D /* Build configuration list for PBXProject "CarHire" */ = {
			isa = XCConfigurationList;
			buildConfigurations = (
				58A8D45226529DB100F6C58D /* Debug */,
				58A8D45326529DB100F6C58D /* Release */,
			);
			defaultConfigurationIsVisible = 0;
			defaultConfigurationName = Release;
		};
		58A8D45426529DB100F6C58D /* Build configuration list for PBXNativeTarget "CarHire" */ = {
			isa = XCConfigurationList;
			buildConfigurations = (
				58A8D45526529DB100F6C58D /* Debug */,
				58A8D45626529DB100F6C58D /* Release */,
			);
			defaultConfigurationIsVisible = 0;
			defaultConfigurationName = Release;
		};
		58A8D45726529DB100F6C58D /* Build configuration list for PBXNativeTarget "CarHireTests" */ = {
			isa = XCConfigurationList;
			buildConfigurations = (
				58A8D45826529DB100F6C58D /* Debug */,
				58A8D45926529DB100F6C58D /* Release */,
			);
			defaultConfigurationIsVisible = 0;
			defaultConfigurationName = Release;
		};
		58A8D45A26529DB100F6C58D /* Build configuration list for PBXNativeTarget "CarHireUITests" */ = {
			isa = XCConfigurationList;
			buildConfigurations = (
				58A8D45B26529DB100F6C58D /* Debug */,
				58A8D45C26529DB100F6C58D /* Release */,
			);
			defaultConfigurationIsVisible = 0;
			defaultConfigurationName = Release;
		};
/* End XCConfigurationList section */
	};
	rootObject = 58A8D42226529DAF00F6C58D /* Project object */;
}
